<?xml version="1.0" encoding="utf-8"?>
<Project ToolsVersion="4.0" xmlns="http://schemas.microsoft.com/developer/msbuild/2003">
  <ItemGroup>
    <ClCompile Include="DepthMode.cpp">
      <Filter>Source Files</Filter>
    </ClCompile>
  </ItemGroup>
  <ItemGroup>
    <ClInclude Include="IKinectMode.h">
      <Filter>Interfaces</Filter>
    </ClInclude>
    <ClInclude Include="stdafx.h">
      <Filter>Header Files</Filter>
    </ClInclude>
    <ClInclude Include="DepthMode.h">
      <Filter>Header Files</Filter>
    </ClInclude>
    <ClInclude Include="KinectAdapter.h" />
  </ItemGroup>
  <ItemGroup>
    <Filter Include="Interfaces">
      <UniqueIdentifier>{08e9ff90-13d5-47b7-a51f-b9fc242014cc}</UniqueIdentifier>
    </Filter>
    <Filter Include="Header Files">
      <UniqueIdentifier>{9ba22ebb-57a8-4de3-98f9-b562696e84e1}</UniqueIdentifier>
    </Filter>
    <Filter Include="Source Files">
      <UniqueIdentifier>{ac5644ad-a354-4377-96ed-055d3c89b663}</UniqueIdentifier>
    </Filter>
  </ItemGroup>
</Project>