
Microsoft Visual Studio Solution File, Format Version 12.00
# Visual Studio Version 17
VisualStudioVersion = 17.7.34031.279
MinimumVisualStudioVersion = 10.0.40219.1
Project("{8BC9CEB8-8B4A-11D0-8D11-00A0C91BC942}") = "MovementTracker_GUI", "MovementTracker_GUI.vcxproj", "{080C690C-0142-48B6-BA66-377E96FD8694}"
EndProject
Project("{8BC9CEB8-8B4A-11D0-8D11-00A0C91BC942}") = "KinnectAdapter", "..\KinectAdapter\KinnectAdapter.vcxproj", "{9F993F71-DF1F-4F90-A58A-B6583398EE31}"
EndProject
Global
	GlobalSection(SolutionConfigurationPlatforms) = preSolution
		Debug|x64 = Debug|x64
		Debug|x86 = Debug|x86
		Release|x64 = Release|x64
		Release|x86 = Release|x86
	EndGlobalSection
	GlobalSection(ProjectConfigurationPlatforms) = postSolution
		{080C690C-0142-48B6-BA66-377E96FD8694}.Debug|x64.ActiveCfg = Debug|x64
		{080C690C-0142-48B6-BA66-377E96FD8694}.Debug|x64.Build.0 = Debug|x64
		{080C690C-0142-48B6-BA66-377E96FD8694}.Debug|x86.ActiveCfg = Debug|Win32
		{080C690C-0142-48B6-BA66-377E96FD8694}.Debug|x86.Build.0 = Debug|Win32
		{080C690C-0142-48B6-BA66-377E96FD8694}.Release|x64.ActiveCfg = Release|x64
		{080C690C-0142-48B6-BA66-377E96FD8694}.Release|x64.Build.0 = Release|x64
		{080C690C-0142-48B6-BA66-377E96FD8694}.Release|x86.ActiveCfg = Release|Win32
		{080C690C-0142-48B6-BA66-377E96FD8694}.Release|x86.Build.0 = Release|Win32
		{9F993F71-DF1F-4F90-A58A-B6583398EE31}.Debug|x64.ActiveCfg = Debug|x64
		{9F993F71-DF1F-4F90-A58A-B6583398EE31}.Debug|x64.Build.0 = Debug|x64
		{9F993F71-DF1F-4F90-A58A-B6583398EE31}.Debug|x86.ActiveCfg = Debug|Win32
		{9F993F71-DF1F-4F90-A58A-B6583398EE31}.Debug|x86.Build.0 = Debug|Win32
		{9F993F71-DF1F-4F90-A58A-B6583398EE31}.Release|x64.ActiveCfg = Release|x64
		{9F993F71-DF1F-4F90-A58A-B6583398EE31}.Release|x64.Build.0 = Release|x64
		{9F993F71-DF1F-4F90-A58A-B6583398EE31}.Release|x86.ActiveCfg = Release|Win32
		{9F993F71-DF1F-4F90-A58A-B6583398EE31}.Release|x86.Build.0 = Release|Win32
	EndGlobalSection
	GlobalSection(SolutionProperties) = preSolution
		HideSolutionNode = FALSE
	EndGlobalSection
	GlobalSection(ExtensibilityGlobals) = postSolution
		SolutionGuid = {1E2E428C-45D8-49C8-8FA2-738E5F15A1B6}
	EndGlobalSection
EndGlobal
