<?xml version="1.0" encoding="utf-8"?>
<Project ToolsVersion="4.0" xmlns="http://schemas.microsoft.com/developer/msbuild/2003">
  <ItemGroup>
    <ClCompile Include="DepthMode.cpp">
      <Filter>Source Files</Filter>
    </ClCompile>
    <ClCompile Include="SkeletonMode.h">
      <Filter>Header Files</Filter>
    </ClCompile>
    <ClCompile Include="SkeletonMode.cpp">
      <Filter>Source Files</Filter>
    </ClCompile>
    <ClCompile Include="SkeletonModeData.h">
      <Filter>DataStructures</Filter>
    </ClCompile>
    <ClCompile Include="DepthModeDataRecord.h">
      <Filter>Recording helpers</Filter>
    </ClCompile>
    <ClCompile Include="DepthModeDataRecord.cpp">
      <Filter>Source Files</Filter>
    </ClCompile>
  </ItemGroup>
  <ItemGroup>
    <ClInclude Include="DepthMode.h">
      <Filter>Header Files</Filter>
    </ClInclude>
    <ClInclude Include="..\MovementTracker_inc\stdafx.h">
      <Filter>Header Files</Filter>
    </ClInclude>
    <ClInclude Include="DepthModeData.h">
      <Filter>DataStructures</Filter>
    </ClInclude>
    <ClInclude Include="..\MovementTracker_inc\IFrameData.h">
      <Filter>Header Files</Filter>
    </ClInclude>
  </ItemGroup>
  <ItemGroup>
    <Filter Include="Header Files">
      <UniqueIdentifier>{9ba22ebb-57a8-4de3-98f9-b562696e84e1}</UniqueIdentifier>
    </Filter>
    <Filter Include="Source Files">
      <UniqueIdentifier>{ac5644ad-a354-4377-96ed-055d3c89b663}</UniqueIdentifier>
    </Filter>
    <Filter Include="DataStructures">
      <UniqueIdentifier>{e2d2bcaf-8f8f-48e8-b5a1-040864b810bb}</UniqueIdentifier>
    </Filter>
    <Filter Include="Recording helpers">
      <UniqueIdentifier>{d6432f06-bb52-433b-af0c-a255365cd804}</UniqueIdentifier>
    </Filter>
  </ItemGroup>
</Project>